Microsoft Visual Studio Solution File, Format Version 11.00
# Visual Studio 2010
Project("{2150E333-8FDC-42A3-9474-1A3956D46DE8}") = "FxCop", "FxCop", "{862C0606-1023-4A8B-9CB9-8588F5DE3C53}"
	ProjectSection(SolutionItems) = preProject
		CustomDictionary.xml = CustomDictionary.xml
		metaCall.FxCop = metaCall.FxCop
	EndProjectSection
EndProject
Project("{2150E333-8FDC-42A3-9474-1A3956D46DE8}") = "Solution Items", "Solution Items", "{666DF1CE-ABB8-4948-A4C8-851097C1A478}"
	ProjectSection(SolutionItems) = preProject
		GlobalAssemblyInfo.cs = GlobalAssemblyInfo.cs
		metaware2004_Appends.sql = metaware2004_Appends.sql
	EndProjectSection
EndProject
Project("{2150E333-8FDC-42A3-9474-1A3956D46DE8}") = "releaseNotes", "releaseNotes", "{8ADDA526-D4C4-4A8E-B22F-9240452FF89B}"
	ProjectSection(SolutionItems) = preProject
		ReleaseNotes.xml = ReleaseNotes.xml
		releaseNotes.xsd = releaseNotes.xsd
		ReleaseNotes.xslt = ReleaseNotes.xslt
		releaseNotes.xsx = releaseNotes.xsx
	EndProjectSection
EndProject
Project("{FAE04EC0-301F-11D3-BF4B-00C04F79EFBC}") = "metaCall.BusinessLayer", "metaCall.BusinessLayer\metaCall.BusinessLayer.csproj", "{3AB35F31-66A6-4FA6-98A9-030FA1CAF560}"
EndProject
Project("{FAE04EC0-301F-11D3-BF4B-00C04F79EFBC}") = "metaCall.DataAccessLayer", "metaCall.DataLayer\metaCall.DataAccessLayer.csproj", "{22E623F8-2AAD-433B-AAEB-B09F99EE77F9}"
EndProject
Project("{FAE04EC0-301F-11D3-BF4B-00C04F79EFBC}") = "metaCall.DataObjects", "metaCall.DataObjects\metaCall.DataObjects.csproj", "{EA7FBC1D-2807-40E6-AADA-E83769E8B697}"
EndProject
Project("{FAE04EC0-301F-11D3-BF4B-00C04F79EFBC}") = "metaCall.ServiceAccessLayer", "metaCall.ServiceAccessLayer\metaCall.ServiceAccessLayer.csproj", "{AB6FD9BF-B5DA-4D97-8C95-0BC7F69D1989}"
EndProject
Project("{FAE04EC0-301F-11D3-BF4B-00C04F79EFBC}") = "metaCall.WinForms.Common", "metaCall.WinForms.Common\metaCall.WinForms.Common.csproj", "{2F036641-E299-41D9-8000-3BBC6A0FF0CB}"
EndProject
Project("{FAE04EC0-301F-11D3-BF4B-00C04F79EFBC}") = "metaCall.Auswertungen", "metaCall.Auswertungen\metaCall.Auswertungen.csproj", "{EB30AC6F-0A5C-49E7-B656-A4FECDEC945D}"
EndProject
Project("{FAE04EC0-301F-11D3-BF4B-00C04F79EFBC}") = "metaCall.AutoBuild", "MetaCall.AutoBuild\metaCall.AutoBuild.csproj", "{0C6CC9AD-A3C7-4EE1-A457-C2BC5C21CA4A}"
	ProjectSection(ProjectDependencies) = postProject
		{EA7FBC1D-2807-40E6-AADA-E83769E8B697} = {EA7FBC1D-2807-40E6-AADA-E83769E8B697}
		{3AB35F31-66A6-4FA6-98A9-030FA1CAF560} = {3AB35F31-66A6-4FA6-98A9-030FA1CAF560}
		{2F036641-E299-41D9-8000-3BBC6A0FF0CB} = {2F036641-E299-41D9-8000-3BBC6A0FF0CB}
		{EB30AC6F-0A5C-49E7-B656-A4FECDEC945D} = {EB30AC6F-0A5C-49E7-B656-A4FECDEC945D}
		{AB6FD9BF-B5DA-4D97-8C95-0BC7F69D1989} = {AB6FD9BF-B5DA-4D97-8C95-0BC7F69D1989}
		{22E623F8-2AAD-433B-AAEB-B09F99EE77F9} = {22E623F8-2AAD-433B-AAEB-B09F99EE77F9}
	EndProjectSection
EndProject
Project("{FAE04EC0-301F-11D3-BF4B-00C04F79EFBC}") = "metaCall.3rdParty", "metaCall.3rdParty\metaCall.3rdParty.csproj", "{50489452-B9E3-436F-AAAD-8A05B3F5F0C4}"
EndProject
Project("{FAE04EC0-301F-11D3-BF4B-00C04F79EFBC}") = "metaCall.WinForms.App", "metaCall.WinForms.App\metaCall.WinForms.App.csproj", "{1FE18509-252A-472F-A7C8-BD9DA6E81233}"
EndProject
Project("{FAE04EC0-301F-11D3-BF4B-00C04F79EFBC}") = "metaCall.WinForms.Modules", "metaCall.WinForms.Modules\metaCall.WinForms.Modules.csproj", "{C08DCB26-67C6-44C7-A1D2-66A4027A57A9}"
EndProject
Global
	GlobalSection(TeamFoundationVersionControl) = preSolution
		SccNumberOfProjects = 11
		SccEnterpriseProvider = {4CA58AB2-18FA-4F8D-95D4-32DDF27D184C}
		SccTeamFoundationServer = http://internix3:8080/tfs/madanet
		SccLocalPath0 = .
		SccProjectUniqueName1 = metaCall.3rdParty\\metaCall.3rdParty.csproj
		SccProjectName1 = metaCall.3rdParty
		SccLocalPath1 = metaCall.3rdParty
		SccProjectUniqueName2 = metaCall.Auswertungen\\metaCall.Auswertungen.csproj
		SccProjectName2 = metaCall.Auswertungen
		SccLocalPath2 = metaCall.Auswertungen
		SccProjectUniqueName3 = MetaCall.AutoBuild\\metaCall.AutoBuild.csproj
		SccProjectName3 = MetaCall.AutoBuild
		SccLocalPath3 = MetaCall.AutoBuild
		SccProjectUniqueName4 = metaCall.BusinessLayer\\metaCall.BusinessLayer.csproj
		SccProjectName4 = metaCall.BusinessLayer
		SccLocalPath4 = metaCall.BusinessLayer
		SccProjectUniqueName5 = metaCall.DataLayer\\metaCall.DataAccessLayer.csproj
		SccProjectName5 = metaCall.DataLayer
		SccLocalPath5 = metaCall.DataLayer
		SccProjectUniqueName6 = metaCall.DataObjects\\metaCall.DataObjects.csproj
		SccProjectName6 = metaCall.DataObjects
		SccLocalPath6 = metaCall.DataObjects
		SccProjectUniqueName7 = metaCall.ServiceAccessLayer\\metaCall.ServiceAccessLayer.csproj
		SccProjectName7 = metaCall.ServiceAccessLayer
		SccLocalPath7 = metaCall.ServiceAccessLayer
		SccProjectUniqueName8 = metaCall.WinForms.App\\metaCall.WinForms.App.csproj
		SccProjectName8 = metaCall.WinForms.App
		SccLocalPath8 = metaCall.WinForms.App
		SccProjectUniqueName9 = metaCall.WinForms.Common\\metaCall.WinForms.Common.csproj
		SccProjectName9 = metaCall.WinForms.Common
		SccLocalPath9 = metaCall.WinForms.Common
		SccProjectUniqueName10 = metaCall.WinForms.Modules\\metaCall.WinForms.Modules.csproj
		SccProjectName10 = metaCall.WinForms.Modules
		SccLocalPath10 = metaCall.WinForms.Modules
	EndGlobalSection
	GlobalSection(SolutionConfigurationPlatforms) = preSolution
		Beta|Any CPU = Beta|Any CPU
		Beta|Mixed Platforms = Beta|Mixed Platforms
		Beta|Win32 = Beta|Win32
		Beta|x64 = Beta|x64
		Debug|Any CPU = Debug|Any CPU
		Debug|Mixed Platforms = Debug|Mixed Platforms
		Debug|Win32 = Debug|Win32
		Debug|x64 = Debug|x64
		DebugOnlineData|Any CPU = DebugOnlineData|Any CPU
		DebugOnlineData|Mixed Platforms = DebugOnlineData|Mixed Platforms
		DebugOnlineData|Win32 = DebugOnlineData|Win32
		DebugOnlineData|x64 = DebugOnlineData|x64
		Release|Any CPU = Release|Any CPU
		Release|Mixed Platforms = Release|Mixed Platforms
		Release|Win32 = Release|Win32
		Release|x64 = Release|x64
		Test1|Any CPU = Test1|Any CPU
		Test1|Mixed Platforms = Test1|Mixed Platforms
		Test1|Win32 = Test1|Win32
		Test1|x64 = Test1|x64
	EndGlobalSection
	GlobalSection(ProjectConfigurationPlatforms) = postSolution
		{3AB35F31-66A6-4FA6-98A9-030FA1CAF560}.Beta|Any CPU.ActiveCfg = Beta|Any CPU
		{3AB35F31-66A6-4FA6-98A9-030FA1CAF560}.Beta|Any CPU.Build.0 = Beta|Any CPU
		{3AB35F31-66A6-4FA6-98A9-030FA1CAF560}.Beta|Mixed Platforms.ActiveCfg = Beta|Any CPU
		{3AB35F31-66A6-4FA6-98A9-030FA1CAF560}.Beta|Mixed Platforms.Build.0 = Beta|Any CPU
		{3AB35F31-66A6-4FA6-98A9-030FA1CAF560}.Beta|Win32.ActiveCfg = Beta|Any CPU
		{3AB35F31-66A6-4FA6-98A9-030FA1CAF560}.Beta|x64.ActiveCfg = Beta|Any CPU
		{3AB35F31-66A6-4FA6-98A9-030FA1CAF560}.Debug|Any CPU.ActiveCfg = Debug|Any CPU
		{3AB35F31-66A6-4FA6-98A9-030FA1CAF560}.Debug|Any CPU.Build.0 = Debug|Any CPU
		{3AB35F31-66A6-4FA6-98A9-030FA1CAF560}.Debug|Mixed Platforms.ActiveCfg = Debug|Any CPU
		{3AB35F31-66A6-4FA6-98A9-030FA1CAF560}.Debug|Mixed Platforms.Build.0 = Debug|Any CPU
		{3AB35F31-66A6-4FA6-98A9-030FA1CAF560}.Debug|Win32.ActiveCfg = Debug|Any CPU
		{3AB35F31-66A6-4FA6-98A9-030FA1CAF560}.Debug|x64.ActiveCfg = Debug|Any CPU
		{3AB35F31-66A6-4FA6-98A9-030FA1CAF560}.DebugOnlineData|Any CPU.ActiveCfg = DebugOnlineData|Any CPU
		{3AB35F31-66A6-4FA6-98A9-030FA1CAF560}.DebugOnlineData|Any CPU.Build.0 = DebugOnlineData|Any CPU
		{3AB35F31-66A6-4FA6-98A9-030FA1CAF560}.DebugOnlineData|Mixed Platforms.ActiveCfg = DebugOnlineData|Any CPU
		{3AB35F31-66A6-4FA6-98A9-030FA1CAF560}.DebugOnlineData|Mixed Platforms.Build.0 = DebugOnlineData|Any CPU
		{3AB35F31-66A6-4FA6-98A9-030FA1CAF560}.DebugOnlineData|Win32.ActiveCfg = DebugOnlineData|Any CPU
		{3AB35F31-66A6-4FA6-98A9-030FA1CAF560}.DebugOnlineData|x64.ActiveCfg = DebugOnlineData|Any CPU
		{3AB35F31-66A6-4FA6-98A9-030FA1CAF560}.Release|Any CPU.ActiveCfg = Release|Any CPU
		{3AB35F31-66A6-4FA6-98A9-030FA1CAF560}.Release|Any CPU.Build.0 = Release|Any CPU
		{3AB35F31-66A6-4FA6-98A9-030FA1CAF560}.Release|Mixed Platforms.ActiveCfg = Release|Any CPU
		{3AB35F31-66A6-4FA6-98A9-030FA1CAF560}.Release|Mixed Platforms.Build.0 = Release|Any CPU
		{3AB35F31-66A6-4FA6-98A9-030FA1CAF560}.Release|Win32.ActiveCfg = Release|Any CPU
		{3AB35F31-66A6-4FA6-98A9-030FA1CAF560}.Release|x64.ActiveCfg = Release|Any CPU
		{3AB35F31-66A6-4FA6-98A9-030FA1CAF560}.Test1|Any CPU.ActiveCfg = Beta|Any CPU
		{3AB35F31-66A6-4FA6-98A9-030FA1CAF560}.Test1|Any CPU.Build.0 = Beta|Any CPU
		{3AB35F31-66A6-4FA6-98A9-030FA1CAF560}.Test1|Mixed Platforms.ActiveCfg = Beta|Any CPU
		{3AB35F31-66A6-4FA6-98A9-030FA1CAF560}.Test1|Mixed Platforms.Build.0 = Beta|Any CPU
		{3AB35F31-66A6-4FA6-98A9-030FA1CAF560}.Test1|Win32.ActiveCfg = Beta|Any CPU
		{3AB35F31-66A6-4FA6-98A9-030FA1CAF560}.Test1|x64.ActiveCfg = Beta|Any CPU
		{22E623F8-2AAD-433B-AAEB-B09F99EE77F9}.Beta|Any CPU.ActiveCfg = Beta|Any CPU
		{22E623F8-2AAD-433B-AAEB-B09F99EE77F9}.Beta|Any CPU.Build.0 = Beta|Any CPU
		{22E623F8-2AAD-433B-AAEB-B09F99EE77F9}.Beta|Mixed Platforms.ActiveCfg = Beta|Any CPU
		{22E623F8-2AAD-433B-AAEB-B09F99EE77F9}.Beta|Mixed Platforms.Build.0 = Beta|Any CPU
		{22E623F8-2AAD-433B-AAEB-B09F99EE77F9}.Beta|Win32.ActiveCfg = Beta|Any CPU
		{22E623F8-2AAD-433B-AAEB-B09F99EE77F9}.Beta|x64.ActiveCfg = Beta|Any CPU
		{22E623F8-2AAD-433B-AAEB-B09F99EE77F9}.Debug|Any CPU.ActiveCfg = Debug|Any CPU
		{22E623F8-2AAD-433B-AAEB-B09F99EE77F9}.Debug|Any CPU.Build.0 = Debug|Any CPU
		{22E623F8-2AAD-433B-AAEB-B09F99EE77F9}.Debug|Mixed Platforms.ActiveCfg = Debug|Any CPU
		{22E623F8-2AAD-433B-AAEB-B09F99EE77F9}.Debug|Mixed Platforms.Build.0 = Debug|Any CPU
		{22E623F8-2AAD-433B-AAEB-B09F99EE77F9}.Debug|Win32.ActiveCfg = Debug|Any CPU
		{22E623F8-2AAD-433B-AAEB-B09F99EE77F9}.Debug|x64.ActiveCfg = Debug|Any CPU
		{22E623F8-2AAD-433B-AAEB-B09F99EE77F9}.DebugOnlineData|Any CPU.ActiveCfg = DebugOnlineData|Any CPU
		{22E623F8-2AAD-433B-AAEB-B09F99EE77F9}.DebugOnlineData|Any CPU.Build.0 = DebugOnlineData|Any CPU
		{22E623F8-2AAD-433B-AAEB-B09F99EE77F9}.DebugOnlineData|Mixed Platforms.ActiveCfg = DebugOnlineData|Any CPU
		{22E623F8-2AAD-433B-AAEB-B09F99EE77F9}.DebugOnlineData|Mixed Platforms.Build.0 = DebugOnlineData|Any CPU
		{22E623F8-2AAD-433B-AAEB-B09F99EE77F9}.DebugOnlineData|Win32.ActiveCfg = DebugOnlineData|Any CPU
		{22E623F8-2AAD-433B-AAEB-B09F99EE77F9}.DebugOnlineData|x64.ActiveCfg = DebugOnlineData|Any CPU
		{22E623F8-2AAD-433B-AAEB-B09F99EE77F9}.Release|Any CPU.ActiveCfg = Release|Any CPU
		{22E623F8-2AAD-433B-AAEB-B09F99EE77F9}.Release|Any CPU.Build.0 = Release|Any CPU
		{22E623F8-2AAD-433B-AAEB-B09F99EE77F9}.Release|Mixed Platforms.ActiveCfg = Release|Any CPU
		{22E623F8-2AAD-433B-AAEB-B09F99EE77F9}.Release|Mixed Platforms.Build.0 = Release|Any CPU
		{22E623F8-2AAD-433B-AAEB-B09F99EE77F9}.Release|Win32.ActiveCfg = Release|Any CPU
		{22E623F8-2AAD-433B-AAEB-B09F99EE77F9}.Release|x64.ActiveCfg = Release|Any CPU
		{22E623F8-2AAD-433B-AAEB-B09F99EE77F9}.Test1|Any CPU.ActiveCfg = Beta|Any CPU
		{22E623F8-2AAD-433B-AAEB-B09F99EE77F9}.Test1|Any CPU.Build.0 = Beta|Any CPU
		{22E623F8-2AAD-433B-AAEB-B09F99EE77F9}.Test1|Mixed Platforms.ActiveCfg = Beta|Any CPU
		{22E623F8-2AAD-433B-AAEB-B09F99EE77F9}.Test1|Mixed Platforms.Build.0 = Beta|Any CPU
		{22E623F8-2AAD-433B-AAEB-B09F99EE77F9}.Test1|Win32.ActiveCfg = Beta|Any CPU
		{22E623F8-2AAD-433B-AAEB-B09F99EE77F9}.Test1|x64.ActiveCfg = Beta|Any CPU
		{EA7FBC1D-2807-40E6-AADA-E83769E8B697}.Beta|Any CPU.ActiveCfg = Beta|Any CPU
		{EA7FBC1D-2807-40E6-AADA-E83769E8B697}.Beta|Any CPU.Build.0 = Beta|Any CPU
		{EA7FBC1D-2807-40E6-AADA-E83769E8B697}.Beta|Mixed Platforms.ActiveCfg = Beta|Any CPU
		{EA7FBC1D-2807-40E6-AADA-E83769E8B697}.Beta|Mixed Platforms.Build.0 = Beta|Any CPU
		{EA7FBC1D-2807-40E6-AADA-E83769E8B697}.Beta|Win32.ActiveCfg = Beta|Any CPU
		{EA7FBC1D-2807-40E6-AADA-E83769E8B697}.Beta|x64.ActiveCfg = Beta|Any CPU
		{EA7FBC1D-2807-40E6-AADA-E83769E8B697}.Debug|Any CPU.ActiveCfg = Debug|Any CPU
		{EA7FBC1D-2807-40E6-AADA-E83769E8B697}.Debug|Any CPU.Build.0 = Debug|Any CPU
		{EA7FBC1D-2807-40E6-AADA-E83769E8B697}.Debug|Mixed Platforms.ActiveCfg = Debug|Any CPU
		{EA7FBC1D-2807-40E6-AADA-E83769E8B697}.Debug|Mixed Platforms.Build.0 = Debug|Any CPU
		{EA7FBC1D-2807-40E6-AADA-E83769E8B697}.Debug|Win32.ActiveCfg = Debug|Any CPU
		{EA7FBC1D-2807-40E6-AADA-E83769E8B697}.Debug|x64.ActiveCfg = Debug|Any CPU
		{EA7FBC1D-2807-40E6-AADA-E83769E8B697}.DebugOnlineData|Any CPU.ActiveCfg = DebugOnlineData|Any CPU
		{EA7FBC1D-2807-40E6-AADA-E83769E8B697}.DebugOnlineData|Any CPU.Build.0 = DebugOnlineData|Any CPU
		{EA7FBC1D-2807-40E6-AADA-E83769E8B697}.DebugOnlineData|Mixed Platforms.ActiveCfg = DebugOnlineData|Any CPU
		{EA7FBC1D-2807-40E6-AADA-E83769E8B697}.DebugOnlineData|Mixed Platforms.Build.0 = DebugOnlineData|Any CPU
		{EA7FBC1D-2807-40E6-AADA-E83769E8B697}.DebugOnlineData|Win32.ActiveCfg = DebugOnlineData|Any CPU
		{EA7FBC1D-2807-40E6-AADA-E83769E8B697}.DebugOnlineData|x64.ActiveCfg = DebugOnlineData|Any CPU
		{EA7FBC1D-2807-40E6-AADA-E83769E8B697}.Release|Any CPU.ActiveCfg = Release|Any CPU
		{EA7FBC1D-2807-40E6-AADA-E83769E8B697}.Release|Any CPU.Build.0 = Release|Any CPU
		{EA7FBC1D-2807-40E6-AADA-E83769E8B697}.Release|Mixed Platforms.ActiveCfg = Release|Any CPU
		{EA7FBC1D-2807-40E6-AADA-E83769E8B697}.Release|Mixed Platforms.Build.0 = Release|Any CPU
		{EA7FBC1D-2807-40E6-AADA-E83769E8B697}.Release|Win32.ActiveCfg = Release|Any CPU
		{EA7FBC1D-2807-40E6-AADA-E83769E8B697}.Release|x64.ActiveCfg = Release|Any CPU
		{EA7FBC1D-2807-40E6-AADA-E83769E8B697}.Test1|Any CPU.ActiveCfg = Beta|Any CPU
		{EA7FBC1D-2807-40E6-AADA-E83769E8B697}.Test1|Any CPU.Build.0 = Beta|Any CPU
		{EA7FBC1D-2807-40E6-AADA-E83769E8B697}.Test1|Mixed Platforms.ActiveCfg = Beta|Any CPU
		{EA7FBC1D-2807-40E6-AADA-E83769E8B697}.Test1|Mixed Platforms.Build.0 = Beta|Any CPU
		{EA7FBC1D-2807-40E6-AADA-E83769E8B697}.Test1|Win32.ActiveCfg = Beta|Any CPU
		{EA7FBC1D-2807-40E6-AADA-E83769E8B697}.Test1|x64.ActiveCfg = Beta|Any CPU
		{AB6FD9BF-B5DA-4D97-8C95-0BC7F69D1989}.Beta|Any CPU.ActiveCfg = Beta|Any CPU
		{AB6FD9BF-B5DA-4D97-8C95-0BC7F69D1989}.Beta|Any CPU.Build.0 = Beta|Any CPU
		{AB6FD9BF-B5DA-4D97-8C95-0BC7F69D1989}.Beta|Mixed Platforms.ActiveCfg = Beta|Any CPU
		{AB6FD9BF-B5DA-4D97-8C95-0BC7F69D1989}.Beta|Mixed Platforms.Build.0 = Beta|Any CPU
		{AB6FD9BF-B5DA-4D97-8C95-0BC7F69D1989}.Beta|Win32.ActiveCfg = Beta|Any CPU
		{AB6FD9BF-B5DA-4D97-8C95-0BC7F69D1989}.Beta|x64.ActiveCfg = Beta|Any CPU
		{AB6FD9BF-B5DA-4D97-8C95-0BC7F69D1989}.Debug|Any CPU.ActiveCfg = Debug|Any CPU
		{AB6FD9BF-B5DA-4D97-8C95-0BC7F69D1989}.Debug|Any CPU.Build.0 = Debug|Any CPU
		{AB6FD9BF-B5DA-4D97-8C95-0BC7F69D1989}.Debug|Mixed Platforms.ActiveCfg = Debug|Any CPU
		{AB6FD9BF-B5DA-4D97-8C95-0BC7F69D1989}.Debug|Mixed Platforms.Build.0 = Debug|Any CPU
		{AB6FD9BF-B5DA-4D97-8C95-0BC7F69D1989}.Debug|Win32.ActiveCfg = Debug|Any CPU
		{AB6FD9BF-B5DA-4D97-8C95-0BC7F69D1989}.Debug|x64.ActiveCfg = Debug|Any CPU
		{AB6FD9BF-B5DA-4D97-8C95-0BC7F69D1989}.DebugOnlineData|Any CPU.ActiveCfg = DebugOnlineData|Any CPU
		{AB6FD9BF-B5DA-4D97-8C95-0BC7F69D1989}.DebugOnlineData|Any CPU.Build.0 = DebugOnlineData|Any CPU
		{AB6FD9BF-B5DA-4D97-8C95-0BC7F69D1989}.DebugOnlineData|Mixed Platforms.ActiveCfg = DebugOnlineData|Any CPU
		{AB6FD9BF-B5DA-4D97-8C95-0BC7F69D1989}.DebugOnlineData|Mixed Platforms.Build.0 = DebugOnlineData|Any CPU
		{AB6FD9BF-B5DA-4D97-8C95-0BC7F69D1989}.DebugOnlineData|Win32.ActiveCfg = DebugOnlineData|Any CPU
		{AB6FD9BF-B5DA-4D97-8C95-0BC7F69D1989}.DebugOnlineData|x64.ActiveCfg = DebugOnlineData|Any CPU
		{AB6FD9BF-B5DA-4D97-8C95-0BC7F69D1989}.Release|Any CPU.ActiveCfg = Release|Any CPU
		{AB6FD9BF-B5DA-4D97-8C95-0BC7F69D1989}.Release|Any CPU.Build.0 = Release|Any CPU
		{AB6FD9BF-B5DA-4D97-8C95-0BC7F69D1989}.Release|Mixed Platforms.ActiveCfg = Release|Any CPU
		{AB6FD9BF-B5DA-4D97-8C95-0BC7F69D1989}.Release|Mixed Platforms.Build.0 = Release|Any CPU
		{AB6FD9BF-B5DA-4D97-8C95-0BC7F69D1989}.Release|Win32.ActiveCfg = Release|Any CPU
		{AB6FD9BF-B5DA-4D97-8C95-0BC7F69D1989}.Release|x64.ActiveCfg = Release|Any CPU
		{AB6FD9BF-B5DA-4D97-8C95-0BC7F69D1989}.Test1|Any CPU.ActiveCfg = Beta|Any CPU
		{AB6FD9BF-B5DA-4D97-8C95-0BC7F69D1989}.Test1|Any CPU.Build.0 = Beta|Any CPU
		{AB6FD9BF-B5DA-4D97-8C95-0BC7F69D1989}.Test1|Mixed Platforms.ActiveCfg = Beta|Any CPU
		{AB6FD9BF-B5DA-4D97-8C95-0BC7F69D1989}.Test1|Mixed Platforms.Build.0 = Beta|Any CPU
		{AB6FD9BF-B5DA-4D97-8C95-0BC7F69D1989}.Test1|Win32.ActiveCfg = Beta|Any CPU
		{AB6FD9BF-B5DA-4D97-8C95-0BC7F69D1989}.Test1|x64.ActiveCfg = Beta|Any CPU
		{2F036641-E299-41D9-8000-3BBC6A0FF0CB}.Beta|Any CPU.ActiveCfg = Beta|Any CPU
		{2F036641-E299-41D9-8000-3BBC6A0FF0CB}.Beta|Any CPU.Build.0 = Beta|Any CPU
		{2F036641-E299-41D9-8000-3BBC6A0FF0CB}.Beta|Mixed Platforms.ActiveCfg = Beta|Any CPU
		{2F036641-E299-41D9-8000-3BBC6A0FF0CB}.Beta|Mixed Platforms.Build.0 = Beta|Any CPU
		{2F036641-E299-41D9-8000-3BBC6A0FF0CB}.Beta|Win32.ActiveCfg = Beta|Any CPU
		{2F036641-E299-41D9-8000-3BBC6A0FF0CB}.Beta|x64.ActiveCfg = Beta|Any CPU
		{2F036641-E299-41D9-8000-3BBC6A0FF0CB}.Debug|Any CPU.ActiveCfg = Debug|Any CPU
		{2F036641-E299-41D9-8000-3BBC6A0FF0CB}.Debug|Any CPU.Build.0 = Debug|Any CPU
		{2F036641-E299-41D9-8000-3BBC6A0FF0CB}.Debug|Mixed Platforms.ActiveCfg = Debug|Any CPU
		{2F036641-E299-41D9-8000-3BBC6A0FF0CB}.Debug|Mixed Platforms.Build.0 = Debug|Any CPU
		{2F036641-E299-41D9-8000-3BBC6A0FF0CB}.Debug|Win32.ActiveCfg = Debug|Any CPU
		{2F036641-E299-41D9-8000-3BBC6A0FF0CB}.Debug|x64.ActiveCfg = Debug|Any CPU
		{2F036641-E299-41D9-8000-3BBC6A0FF0CB}.DebugOnlineData|Any CPU.ActiveCfg = Debug|Any CPU
		{2F036641-E299-41D9-8000-3BBC6A0FF0CB}.DebugOnlineData|Any CPU.Build.0 = Debug|Any CPU
		{2F036641-E299-41D9-8000-3BBC6A0FF0CB}.DebugOnlineData|Mixed Platforms.ActiveCfg = DebugOnlineData|Any CPU
		{2F036641-E299-41D9-8000-3BBC6A0FF0CB}.DebugOnlineData|Mixed Platforms.Build.0 = DebugOnlineData|Any CPU
		{2F036641-E299-41D9-8000-3BBC6A0FF0CB}.DebugOnlineData|Win32.ActiveCfg = Debug|Any CPU
		{2F036641-E299-41D9-8000-3BBC6A0FF0CB}.DebugOnlineData|x64.ActiveCfg = DebugOnlineData|Any CPU
		{2F036641-E299-41D9-8000-3BBC6A0FF0CB}.Release|Any CPU.ActiveCfg = Release|Any CPU
		{2F036641-E299-41D9-8000-3BBC6A0FF0CB}.Release|Any CPU.Build.0 = Release|Any CPU
		{2F036641-E299-41D9-8000-3BBC6A0FF0CB}.Release|Mixed Platforms.ActiveCfg = Release|Any CPU
		{2F036641-E299-41D9-8000-3BBC6A0FF0CB}.Release|Mixed Platforms.Build.0 = Release|Any CPU
		{2F036641-E299-41D9-8000-3BBC6A0FF0CB}.Release|Win32.ActiveCfg = Release|Any CPU
		{2F036641-E299-41D9-8000-3BBC6A0FF0CB}.Release|x64.ActiveCfg = Release|Any CPU
		{2F036641-E299-41D9-8000-3BBC6A0FF0CB}.Test1|Any CPU.ActiveCfg = Beta|Any CPU
		{2F036641-E299-41D9-8000-3BBC6A0FF0CB}.Test1|Any CPU.Build.0 = Beta|Any CPU
		{2F036641-E299-41D9-8000-3BBC6A0FF0CB}.Test1|Mixed Platforms.ActiveCfg = Beta|Any CPU
		{2F036641-E299-41D9-8000-3BBC6A0FF0CB}.Test1|Mixed Platforms.Build.0 = Beta|Any CPU
		{2F036641-E299-41D9-8000-3BBC6A0FF0CB}.Test1|Win32.ActiveCfg = Beta|Any CPU
		{2F036641-E299-41D9-8000-3BBC6A0FF0CB}.Test1|x64.ActiveCfg = Beta|Any CPU
		{EB30AC6F-0A5C-49E7-B656-A4FECDEC945D}.Beta|Any CPU.ActiveCfg = Release|Any CPU
		{EB30AC6F-0A5C-49E7-B656-A4FECDEC945D}.Beta|Any CPU.Build.0 = Release|Any CPU
		{EB30AC6F-0A5C-49E7-B656-A4FECDEC945D}.Beta|Mixed Platforms.ActiveCfg = Beta|Any CPU
		{EB30AC6F-0A5C-49E7-B656-A4FECDEC945D}.Beta|Mixed Platforms.Build.0 = Beta|Any CPU
		{EB30AC6F-0A5C-49E7-B656-A4FECDEC945D}.Beta|Win32.ActiveCfg = Release|Any CPU
		{EB30AC6F-0A5C-49E7-B656-A4FECDEC945D}.Beta|x64.ActiveCfg = Beta|Any CPU
		{EB30AC6F-0A5C-49E7-B656-A4FECDEC945D}.Debug|Any CPU.ActiveCfg = Debug|Any CPU
		{EB30AC6F-0A5C-49E7-B656-A4FECDEC945D}.Debug|Any CPU.Build.0 = Debug|Any CPU
		{EB30AC6F-0A5C-49E7-B656-A4FECDEC945D}.Debug|Mixed Platforms.ActiveCfg = Debug|Any CPU
		{EB30AC6F-0A5C-49E7-B656-A4FECDEC945D}.Debug|Mixed Platforms.Build.0 = Debug|Any CPU
		{EB30AC6F-0A5C-49E7-B656-A4FECDEC945D}.Debug|Win32.ActiveCfg = Debug|Any CPU
		{EB30AC6F-0A5C-49E7-B656-A4FECDEC945D}.Debug|x64.ActiveCfg = Debug|Any CPU
		{EB30AC6F-0A5C-49E7-B656-A4FECDEC945D}.DebugOnlineData|Any CPU.ActiveCfg = Debug|Any CPU
		{EB30AC6F-0A5C-49E7-B656-A4FECDEC945D}.DebugOnlineData|Any CPU.Build.0 = Debug|Any CPU
		{EB30AC6F-0A5C-49E7-B656-A4FECDEC945D}.DebugOnlineData|Mixed Platforms.ActiveCfg = DebugOnlineData|Any CPU
		{EB30AC6F-0A5C-49E7-B656-A4FECDEC945D}.DebugOnlineData|Mixed Platforms.Build.0 = DebugOnlineData|Any CPU
		{EB30AC6F-0A5C-49E7-B656-A4FECDEC945D}.DebugOnlineData|Win32.ActiveCfg = Debug|Any CPU
		{EB30AC6F-0A5C-49E7-B656-A4FECDEC945D}.DebugOnlineData|x64.ActiveCfg = DebugOnlineData|Any CPU
		{EB30AC6F-0A5C-49E7-B656-A4FECDEC945D}.Release|Any CPU.ActiveCfg = Release|Any CPU
		{EB30AC6F-0A5C-49E7-B656-A4FECDEC945D}.Release|Any CPU.Build.0 = Release|Any CPU
		{EB30AC6F-0A5C-49E7-B656-A4FECDEC945D}.Release|Mixed Platforms.ActiveCfg = Release|Any CPU
		{EB30AC6F-0A5C-49E7-B656-A4FECDEC945D}.Release|Mixed Platforms.Build.0 = Release|Any CPU
		{EB30AC6F-0A5C-49E7-B656-A4FECDEC945D}.Release|Win32.ActiveCfg = Release|Any CPU
		{EB30AC6F-0A5C-49E7-B656-A4FECDEC945D}.Release|x64.ActiveCfg = Release|Any CPU
		{EB30AC6F-0A5C-49E7-B656-A4FECDEC945D}.Test1|Any CPU.ActiveCfg = DebugOnlineData|Any CPU
		{EB30AC6F-0A5C-49E7-B656-A4FECDEC945D}.Test1|Any CPU.Build.0 = DebugOnlineData|Any CPU
		{EB30AC6F-0A5C-49E7-B656-A4FECDEC945D}.Test1|Mixed Platforms.ActiveCfg = DebugOnlineData|Any CPU
		{EB30AC6F-0A5C-49E7-B656-A4FECDEC945D}.Test1|Mixed Platforms.Build.0 = DebugOnlineData|Any CPU
		{EB30AC6F-0A5C-49E7-B656-A4FECDEC945D}.Test1|Win32.ActiveCfg = DebugOnlineData|Any CPU
		{EB30AC6F-0A5C-49E7-B656-A4FECDEC945D}.Test1|x64.ActiveCfg = DebugOnlineData|Any CPU
		{0C6CC9AD-A3C7-4EE1-A457-C2BC5C21CA4A}.Beta|Any CPU.ActiveCfg = Release|Any CPU
		{0C6CC9AD-A3C7-4EE1-A457-C2BC5C21CA4A}.Beta|Any CPU.Build.0 = Release|Any CPU
		{0C6CC9AD-A3C7-4EE1-A457-C2BC5C21CA4A}.Beta|Mixed Platforms.ActiveCfg = Release|Any CPU
		{0C6CC9AD-A3C7-4EE1-A457-C2BC5C21CA4A}.Beta|Mixed Platforms.Build.0 = Release|Any CPU
		{0C6CC9AD-A3C7-4EE1-A457-C2BC5C21CA4A}.Beta|Win32.ActiveCfg = Release|Any CPU
		{0C6CC9AD-A3C7-4EE1-A457-C2BC5C21CA4A}.Beta|x64.ActiveCfg = Release|Any CPU
		{0C6CC9AD-A3C7-4EE1-A457-C2BC5C21CA4A}.Debug|Any CPU.ActiveCfg = Debug|Any CPU
		{0C6CC9AD-A3C7-4EE1-A457-C2BC5C21CA4A}.Debug|Any CPU.Build.0 = Debug|Any CPU
		{0C6CC9AD-A3C7-4EE1-A457-C2BC5C21CA4A}.Debug|Mixed Platforms.ActiveCfg = Debug|Any CPU
		{0C6CC9AD-A3C7-4EE1-A457-C2BC5C21CA4A}.Debug|Win32.ActiveCfg = Debug|Any CPU
		{0C6CC9AD-A3C7-4EE1-A457-C2BC5C21CA4A}.Debug|x64.ActiveCfg = Debug|Any CPU
		{0C6CC9AD-A3C7-4EE1-A457-C2BC5C21CA4A}.DebugOnlineData|Any CPU.ActiveCfg = Debug|Any CPU
		{0C6CC9AD-A3C7-4EE1-A457-C2BC5C21CA4A}.DebugOnlineData|Any CPU.Build.0 = Debug|Any CPU
		{0C6CC9AD-A3C7-4EE1-A457-C2BC5C21CA4A}.DebugOnlineData|Mixed Platforms.ActiveCfg = Debug|Any CPU
		{0C6CC9AD-A3C7-4EE1-A457-C2BC5C21CA4A}.DebugOnlineData|Mixed Platforms.Build.0 = Debug|Any CPU
		{0C6CC9AD-A3C7-4EE1-A457-C2BC5C21CA4A}.DebugOnlineData|Win32.ActiveCfg = Debug|Any CPU
		{0C6CC9AD-A3C7-4EE1-A457-C2BC5C21CA4A}.DebugOnlineData|x64.ActiveCfg = Debug|Any CPU
		{0C6CC9AD-A3C7-4EE1-A457-C2BC5C21CA4A}.Release|Any CPU.ActiveCfg = Release|Any CPU
		{0C6CC9AD-A3C7-4EE1-A457-C2BC5C21CA4A}.Release|Any CPU.Build.0 = Release|Any CPU
		{0C6CC9AD-A3C7-4EE1-A457-C2BC5C21CA4A}.Release|Mixed Platforms.ActiveCfg = Release|Any CPU
		{0C6CC9AD-A3C7-4EE1-A457-C2BC5C21CA4A}.Release|Win32.ActiveCfg = Release|Any CPU
		{0C6CC9AD-A3C7-4EE1-A457-C2BC5C21CA4A}.Release|x64.ActiveCfg = Release|Any CPU
		{0C6CC9AD-A3C7-4EE1-A457-C2BC5C21CA4A}.Test1|Any CPU.ActiveCfg = Release|Any CPU
		{0C6CC9AD-A3C7-4EE1-A457-C2BC5C21CA4A}.Test1|Any CPU.Build.0 = Release|Any CPU
		{0C6CC9AD-A3C7-4EE1-A457-C2BC5C21CA4A}.Test1|Mixed Platforms.ActiveCfg = Release|Any CPU
		{0C6CC9AD-A3C7-4EE1-A457-C2BC5C21CA4A}.Test1|Mixed Platforms.Build.0 = Release|Any CPU
		{0C6CC9AD-A3C7-4EE1-A457-C2BC5C21CA4A}.Test1|Win32.ActiveCfg = Release|Any CPU
		{0C6CC9AD-A3C7-4EE1-A457-C2BC5C21CA4A}.Test1|x64.ActiveCfg = Release|Any CPU
		{50489452-B9E3-436F-AAAD-8A05B3F5F0C4}.Beta|Any CPU.ActiveCfg = Release|Any CPU
		{50489452-B9E3-436F-AAAD-8A05B3F5F0C4}.Beta|Any CPU.Build.0 = Release|Any CPU
		{50489452-B9E3-436F-AAAD-8A05B3F5F0C4}.Beta|Mixed Platforms.ActiveCfg = Release|Any CPU
		{50489452-B9E3-436F-AAAD-8A05B3F5F0C4}.Beta|Mixed Platforms.Build.0 = Release|Any CPU
		{50489452-B9E3-436F-AAAD-8A05B3F5F0C4}.Beta|Win32.ActiveCfg = Release|Any CPU
		{50489452-B9E3-436F-AAAD-8A05B3F5F0C4}.Beta|x64.ActiveCfg = Release|Any CPU
		{50489452-B9E3-436F-AAAD-8A05B3F5F0C4}.Debug|Any CPU.ActiveCfg = Debug|Any CPU
		{50489452-B9E3-436F-AAAD-8A05B3F5F0C4}.Debug|Any CPU.Build.0 = Debug|Any CPU
		{50489452-B9E3-436F-AAAD-8A05B3F5F0C4}.Debug|Mixed Platforms.ActiveCfg = Debug|Any CPU
		{50489452-B9E3-436F-AAAD-8A05B3F5F0C4}.Debug|Win32.ActiveCfg = Debug|Any CPU
		{50489452-B9E3-436F-AAAD-8A05B3F5F0C4}.Debug|x64.ActiveCfg = Debug|Any CPU
		{50489452-B9E3-436F-AAAD-8A05B3F5F0C4}.DebugOnlineData|Any CPU.ActiveCfg = Debug|Any CPU
		{50489452-B9E3-436F-AAAD-8A05B3F5F0C4}.DebugOnlineData|Any CPU.Build.0 = Debug|Any CPU
		{50489452-B9E3-436F-AAAD-8A05B3F5F0C4}.DebugOnlineData|Mixed Platforms.ActiveCfg = Debug|Any CPU
		{50489452-B9E3-436F-AAAD-8A05B3F5F0C4}.DebugOnlineData|Mixed Platforms.Build.0 = Debug|Any CPU
		{50489452-B9E3-436F-AAAD-8A05B3F5F0C4}.DebugOnlineData|Win32.ActiveCfg = Debug|Any CPU
		{50489452-B9E3-436F-AAAD-8A05B3F5F0C4}.DebugOnlineData|x64.ActiveCfg = Debug|Any CPU
		{50489452-B9E3-436F-AAAD-8A05B3F5F0C4}.Release|Any CPU.ActiveCfg = Release|Any CPU
		{50489452-B9E3-436F-AAAD-8A05B3F5F0C4}.Release|Any CPU.Build.0 = Release|Any CPU
		{50489452-B9E3-436F-AAAD-8A05B3F5F0C4}.Release|Mixed Platforms.ActiveCfg = Release|Any CPU
		{50489452-B9E3-436F-AAAD-8A05B3F5F0C4}.Release|Win32.ActiveCfg = Release|Any CPU
		{50489452-B9E3-436F-AAAD-8A05B3F5F0C4}.Release|x64.ActiveCfg = Release|Any CPU
		{50489452-B9E3-436F-AAAD-8A05B3F5F0C4}.Test1|Any CPU.ActiveCfg = Release|Any CPU
		{50489452-B9E3-436F-AAAD-8A05B3F5F0C4}.Test1|Any CPU.Build.0 = Release|Any CPU
		{50489452-B9E3-436F-AAAD-8A05B3F5F0C4}.Test1|Mixed Platforms.ActiveCfg = Release|Any CPU
		{50489452-B9E3-436F-AAAD-8A05B3F5F0C4}.Test1|Mixed Platforms.Build.0 = Release|Any CPU
		{50489452-B9E3-436F-AAAD-8A05B3F5F0C4}.Test1|Win32.ActiveCfg = Release|Any CPU
		{50489452-B9E3-436F-AAAD-8A05B3F5F0C4}.Test1|x64.ActiveCfg = Release|Any CPU
		{1FE18509-252A-472F-A7C8-BD9DA6E81233}.Beta|Any CPU.ActiveCfg = Beta|Any CPU
		{1FE18509-252A-472F-A7C8-BD9DA6E81233}.Beta|Any CPU.Build.0 = Beta|Any CPU
		{1FE18509-252A-472F-A7C8-BD9DA6E81233}.Beta|Mixed Platforms.ActiveCfg = Beta|Any CPU
		{1FE18509-252A-472F-A7C8-BD9DA6E81233}.Beta|Mixed Platforms.Build.0 = Beta|Any CPU
		{1FE18509-252A-472F-A7C8-BD9DA6E81233}.Beta|Win32.ActiveCfg = Beta|Any CPU
		{1FE18509-252A-472F-A7C8-BD9DA6E81233}.Beta|x64.ActiveCfg = Beta|Any CPU
		{1FE18509-252A-472F-A7C8-BD9DA6E81233}.Debug|Any CPU.ActiveCfg = Debug|Any CPU
		{1FE18509-252A-472F-A7C8-BD9DA6E81233}.Debug|Any CPU.Build.0 = Debug|Any CPU
		{1FE18509-252A-472F-A7C8-BD9DA6E81233}.Debug|Mixed Platforms.ActiveCfg = Debug|Any CPU
		{1FE18509-252A-472F-A7C8-BD9DA6E81233}.Debug|Mixed Platforms.Build.0 = Debug|Any CPU
		{1FE18509-252A-472F-A7C8-BD9DA6E81233}.Debug|Win32.ActiveCfg = Debug|Any CPU
		{1FE18509-252A-472F-A7C8-BD9DA6E81233}.Debug|x64.ActiveCfg = Debug|Any CPU
		{1FE18509-252A-472F-A7C8-BD9DA6E81233}.DebugOnlineData|Any CPU.ActiveCfg = DebugOnlineData|Any CPU
		{1FE18509-252A-472F-A7C8-BD9DA6E81233}.DebugOnlineData|Any CPU.Build.0 = DebugOnlineData|Any CPU
		{1FE18509-252A-472F-A7C8-BD9DA6E81233}.DebugOnlineData|Mixed Platforms.ActiveCfg = DebugOnlineData|Any CPU
		{1FE18509-252A-472F-A7C8-BD9DA6E81233}.DebugOnlineData|Mixed Platforms.Build.0 = DebugOnlineData|Any CPU
		{1FE18509-252A-472F-A7C8-BD9DA6E81233}.DebugOnlineData|Win32.ActiveCfg = DebugOnlineData|Any CPU
		{1FE18509-252A-472F-A7C8-BD9DA6E81233}.DebugOnlineData|x64.ActiveCfg = DebugOnlineData|Any CPU
		{1FE18509-252A-472F-A7C8-BD9DA6E81233}.Release|Any CPU.ActiveCfg = Release|Any CPU
		{1FE18509-252A-472F-A7C8-BD9DA6E81233}.Release|Any CPU.Build.0 = Release|Any CPU
		{1FE18509-252A-472F-A7C8-BD9DA6E81233}.Release|Mixed Platforms.ActiveCfg = Release|Any CPU
		{1FE18509-252A-472F-A7C8-BD9DA6E81233}.Release|Mixed Platforms.Build.0 = Release|Any CPU
		{1FE18509-252A-472F-A7C8-BD9DA6E81233}.Release|Win32.ActiveCfg = Release|Any CPU
		{1FE18509-252A-472F-A7C8-BD9DA6E81233}.Release|x64.ActiveCfg = Release|Any CPU
		{1FE18509-252A-472F-A7C8-BD9DA6E81233}.Test1|Any CPU.ActiveCfg = DebugOnlineData|Any CPU
		{1FE18509-252A-472F-A7C8-BD9DA6E81233}.Test1|Any CPU.Build.0 = DebugOnlineData|Any CPU
		{1FE18509-252A-472F-A7C8-BD9DA6E81233}.Test1|Mixed Platforms.ActiveCfg = Test1|Any CPU
		{1FE18509-252A-472F-A7C8-BD9DA6E81233}.Test1|Mixed Platforms.Build.0 = Test1|Any CPU
		{1FE18509-252A-472F-A7C8-BD9DA6E81233}.Test1|Win32.ActiveCfg = Test1|Any CPU
		{1FE18509-252A-472F-A7C8-BD9DA6E81233}.Test1|x64.ActiveCfg = Test1|Any CPU
		{C08DCB26-67C6-44C7-A1D2-66A4027A57A9}.Beta|Any CPU.ActiveCfg = Beta|Any CPU
		{C08DCB26-67C6-44C7-A1D2-66A4027A57A9}.Beta|Any CPU.Build.0 = Beta|Any CPU
		{C08DCB26-67C6-44C7-A1D2-66A4027A57A9}.Beta|Mixed Platforms.ActiveCfg = Beta|Any CPU
		{C08DCB26-67C6-44C7-A1D2-66A4027A57A9}.Beta|Mixed Platforms.Build.0 = Beta|Any CPU
		{C08DCB26-67C6-44C7-A1D2-66A4027A57A9}.Beta|Win32.ActiveCfg = Beta|Any CPU
		{C08DCB26-67C6-44C7-A1D2-66A4027A57A9}.Beta|x64.ActiveCfg = Beta|Any CPU
		{C08DCB26-67C6-44C7-A1D2-66A4027A57A9}.Debug|Any CPU.ActiveCfg = Debug|Any CPU
		{C08DCB26-67C6-44C7-A1D2-66A4027A57A9}.Debug|Any CPU.Build.0 = Debug|Any CPU
		{C08DCB26-67C6-44C7-A1D2-66A4027A57A9}.Debug|Mixed Platforms.ActiveCfg = Debug|Any CPU
		{C08DCB26-67C6-44C7-A1D2-66A4027A57A9}.Debug|Mixed Platforms.Build.0 = Debug|Any CPU
		{C08DCB26-67C6-44C7-A1D2-66A4027A57A9}.Debug|Win32.ActiveCfg = Debug|Any CPU
		{C08DCB26-67C6-44C7-A1D2-66A4027A57A9}.Debug|x64.ActiveCfg = Debug|Any CPU
		{C08DCB26-67C6-44C7-A1D2-66A4027A57A9}.DebugOnlineData|Any CPU.ActiveCfg = DebugOnlineData|Any CPU
		{C08DCB26-67C6-44C7-A1D2-66A4027A57A9}.DebugOnlineData|Any CPU.Build.0 = DebugOnlineData|Any CPU
		{C08DCB26-67C6-44C7-A1D2-66A4027A57A9}.DebugOnlineData|Mixed Platforms.ActiveCfg = DebugOnlineData|Any CPU
		{C08DCB26-67C6-44C7-A1D2-66A4027A57A9}.DebugOnlineData|Mixed Platforms.Build.0 = DebugOnlineData|Any CPU
		{C08DCB26-67C6-44C7-A1D2-66A4027A57A9}.DebugOnlineData|Win32.ActiveCfg = DebugOnlineData|Any CPU
		{C08DCB26-67C6-44C7-A1D2-66A4027A57A9}.DebugOnlineData|x64.ActiveCfg = DebugOnlineData|Any CPU
		{C08DCB26-67C6-44C7-A1D2-66A4027A57A9}.Release|Any CPU.ActiveCfg = Release|Any CPU
		{C08DCB26-67C6-44C7-A1D2-66A4027A57A9}.Release|Any CPU.Build.0 = Release|Any CPU
		{C08DCB26-67C6-44C7-A1D2-66A4027A57A9}.Release|Mixed Platforms.ActiveCfg = Release|Any CPU
		{C08DCB26-67C6-44C7-A1D2-66A4027A57A9}.Release|Mixed Platforms.Build.0 = Release|Any CPU
		{C08DCB26-67C6-44C7-A1D2-66A4027A57A9}.Release|Win32.ActiveCfg = Release|Any CPU
		{C08DCB26-67C6-44C7-A1D2-66A4027A57A9}.Release|x64.ActiveCfg = Release|Any CPU
		{C08DCB26-67C6-44C7-A1D2-66A4027A57A9}.Test1|Any CPU.ActiveCfg = Beta|Any CPU
		{C08DCB26-67C6-44C7-A1D2-66A4027A57A9}.Test1|Any CPU.Build.0 = Beta|Any CPU
		{C08DCB26-67C6-44C7-A1D2-66A4027A57A9}.Test1|Mixed Platforms.ActiveCfg = Beta|Any CPU
		{C08DCB26-67C6-44C7-A1D2-66A4027A57A9}.Test1|Mixed Platforms.Build.0 = Beta|Any CPU
		{C08DCB26-67C6-44C7-A1D2-66A4027A57A9}.Test1|Win32.ActiveCfg = Beta|Any CPU
		{C08DCB26-67C6-44C7-A1D2-66A4027A57A9}.Test1|x64.ActiveCfg = Beta|Any CPU
	EndGlobalSection
	GlobalSection(SolutionProperties) = preSolution
		HideSolutionNode = FALSE
	EndGlobalSection
EndGlobal
